
Microsoft Visual Studio Solution File, Format Version 12.00
# Visual Studio 2013
VisualStudioVersion = 12.0.21005.1
MinimumVisualStudioVersion = 10.0.40219.1
Project("{FAE04EC0-301F-11D3-BF4B-00C04F79EFBC}") = "crash", "crash.csproj", "{1A3FE239-8392-4278-8F73-52D52993B22F}"
EndProject
Project("{54435603-DBB4-11D2-8724-00A0C9A8B90C}") = "VSSetup", "VSSetup\VSSetup.vdproj", "{556FF1A5-C3C4-42AF-821C-A0C10ED0AFCF}"
EndProject
Global
	GlobalSection(SolutionConfigurationPlatforms) = preSolution
		Debug|Any CPU = Debug|Any CPU
		Debug|x64 = Debug|x64
		Release|Any CPU = Release|Any CPU
		Release|x64 = Release|x64
	EndGlobalSection
	GlobalSection(ProjectConfigurationPlatforms) = postSolution
		{1A3FE239-8392-4278-8F73-52D52993B22F}.Debug|Any CPU.ActiveCfg = Debug|Any CPU
		{1A3FE239-8392-4278-8F73-52D52993B22F}.Debug|Any CPU.Build.0 = Debug|Any CPU
		{1A3FE239-8392-4278-8F73-52D52993B22F}.Debug|x64.ActiveCfg = Debug|Any CPU
		{1A3FE239-8392-4278-8F73-52D52993B22F}.Debug|x64.Build.0 = Debug|Any CPU
		{1A3FE239-8392-4278-8F73-52D52993B22F}.Release|Any CPU.ActiveCfg = Release|Any CPU
		{1A3FE239-8392-4278-8F73-52D52993B22F}.Release|Any CPU.Build.0 = Release|Any CPU
		{1A3FE239-8392-4278-8F73-52D52993B22F}.Release|x64.ActiveCfg = Release|x64
		{1A3FE239-8392-4278-8F73-52D52993B22F}.Release|x64.Build.0 = Release|x64
		{556FF1A5-C3C4-42AF-821C-A0C10ED0AFCF}.Debug|Any CPU.ActiveCfg = Debug
		{556FF1A5-C3C4-42AF-821C-A0C10ED0AFCF}.Debug|x64.ActiveCfg = Debug
		{556FF1A5-C3C4-42AF-821C-A0C10ED0AFCF}.Release|Any CPU.ActiveCfg = Release
		{556FF1A5-C3C4-42AF-821C-A0C10ED0AFCF}.Release|x64.ActiveCfg = Release
	EndGlobalSection
	GlobalSection(SolutionProperties) = preSolution
		HideSolutionNode = FALSE
	EndGlobalSection
EndGlobal
